
Microsoft Visual Studio Solution File, Format Version 12.00
# Visual Studio Version 17
VisualStudioVersion = 17.14.36811.4 d17.14
MinimumVisualStudioVersion = 10.0.40219.1
Project("{FAE04EC0-301F-11D3-BF4B-00C04F79EFBC}") = "GatinKochnevPRsixPTtwo", "GatinKochnevPRsixPTtwo\GatinKochnevPRsixPTtwo.csproj", "{A1026814-27AA-4E28-ACFE-F9AFE4A112E9}"
EndProject
Project("{FAE04EC0-301F-11D3-BF4B-00C04F79EFBC}") = "GatinKochnevPRsixPTtwoTests", "GatinKochnevPRsixPTtwoTests\GatinKochnevPRsixPTtwoTests.csproj", "{F6B45EA7-F849-4AB2-B381-CD8721550371}"
EndProject
Global
	GlobalSection(SolutionConfigurationPlatforms) = preSolution
		Debug|Any CPU = Debug|Any CPU
		Release|Any CPU = Release|Any CPU
	EndGlobalSection
	GlobalSection(ProjectConfigurationPlatforms) = postSolution
		{A1026814-27AA-4E28-ACFE-F9AFE4A112E9}.Debug|Any CPU.ActiveCfg = Debug|Any CPU
		{A1026814-27AA-4E28-ACFE-F9AFE4A112E9}.Debug|Any CPU.Build.0 = Debug|Any CPU
		{A1026814-27AA-4E28-ACFE-F9AFE4A112E9}.Release|Any CPU.ActiveCfg = Release|Any CPU
		{A1026814-27AA-4E28-ACFE-F9AFE4A112E9}.Release|Any CPU.Build.0 = Release|Any CPU
		{F6B45EA7-F849-4AB2-B381-CD8721550371}.Debug|Any CPU.ActiveCfg = Debug|Any CPU
		{F6B45EA7-F849-4AB2-B381-CD8721550371}.Debug|Any CPU.Build.0 = Debug|Any CPU
		{F6B45EA7-F849-4AB2-B381-CD8721550371}.Release|Any CPU.ActiveCfg = Release|Any CPU
		{F6B45EA7-F849-4AB2-B381-CD8721550371}.Release|Any CPU.Build.0 = Release|Any CPU
	EndGlobalSection
	GlobalSection(SolutionProperties) = preSolution
		HideSolutionNode = FALSE
	EndGlobalSection
	GlobalSection(ExtensibilityGlobals) = postSolution
		SolutionGuid = {E3DFFE9B-47EA-4DDC-8ADB-6302C0F00742}
	EndGlobalSection
EndGlobal
